
Microsoft Visual Studio Solution File, Format Version 12.00
# Visual Studio Version 17
VisualStudioVersion = 17.0.32014.148
MinimumVisualStudioVersion = 10.0.40219.1
Project("{FAE04EC0-301F-11D3-BF4B-00C04F79EFBC}") = "AcessoDados", "AcessoDados\AcessoDados.csproj", "{739DC607-731E-4226-A746-DB47D0AA22AE}"
EndProject
Project("{FAE04EC0-301F-11D3-BF4B-00C04F79EFBC}") = "Negocios", "Negocios\Negocios.csproj", "{88610850-D855-418C-B366-A303E9E22A0F}"
EndProject
Project("{9A19103F-16F7-4668-BE54-9A1E7A4F7556}") = "Apresentacao", "Apresentacao\Apresentacao.csproj", "{C0B48D70-862C-4C21-A90A-B9A648AC8A09}"
EndProject
Project("{FAE04EC0-301F-11D3-BF4B-00C04F79EFBC}") = "TransferenciaDTO", "TransferenciaDTO\TransferenciaDTO.csproj", "{5EDA3DE3-E458-47BC-AB39-F319AF7D5A7C}"
EndProject
Project("{2150E333-8FDC-42A3-9474-1A3956D46DE8}") = "Solution Items", "Solution Items", "{01D607AE-A717-4E21-9F89-2FB5B74E25E2}"
	ProjectSection(SolutionItems) = preProject
		.editorconfig = .editorconfig
	EndProjectSection
EndProject
Global
	GlobalSection(SolutionConfigurationPlatforms) = preSolution
		Debug|Any CPU = Debug|Any CPU
		Release|Any CPU = Release|Any CPU
	EndGlobalSection
	GlobalSection(ProjectConfigurationPlatforms) = postSolution
		{739DC607-731E-4226-A746-DB47D0AA22AE}.Debug|Any CPU.ActiveCfg = Debug|Any CPU
		{739DC607-731E-4226-A746-DB47D0AA22AE}.Debug|Any CPU.Build.0 = Debug|Any CPU
		{739DC607-731E-4226-A746-DB47D0AA22AE}.Release|Any CPU.ActiveCfg = Release|Any CPU
		{739DC607-731E-4226-A746-DB47D0AA22AE}.Release|Any CPU.Build.0 = Release|Any CPU
		{88610850-D855-418C-B366-A303E9E22A0F}.Debug|Any CPU.ActiveCfg = Debug|Any CPU
		{88610850-D855-418C-B366-A303E9E22A0F}.Debug|Any CPU.Build.0 = Debug|Any CPU
		{88610850-D855-418C-B366-A303E9E22A0F}.Release|Any CPU.ActiveCfg = Release|Any CPU
		{88610850-D855-418C-B366-A303E9E22A0F}.Release|Any CPU.Build.0 = Release|Any CPU
		{C0B48D70-862C-4C21-A90A-B9A648AC8A09}.Debug|Any CPU.ActiveCfg = Debug|Any CPU
		{C0B48D70-862C-4C21-A90A-B9A648AC8A09}.Debug|Any CPU.Build.0 = Debug|Any CPU
		{C0B48D70-862C-4C21-A90A-B9A648AC8A09}.Release|Any CPU.ActiveCfg = Release|Any CPU
		{C0B48D70-862C-4C21-A90A-B9A648AC8A09}.Release|Any CPU.Build.0 = Release|Any CPU
		{5EDA3DE3-E458-47BC-AB39-F319AF7D5A7C}.Debug|Any CPU.ActiveCfg = Debug|Any CPU
		{5EDA3DE3-E458-47BC-AB39-F319AF7D5A7C}.Debug|Any CPU.Build.0 = Debug|Any CPU
		{5EDA3DE3-E458-47BC-AB39-F319AF7D5A7C}.Release|Any CPU.ActiveCfg = Release|Any CPU
		{5EDA3DE3-E458-47BC-AB39-F319AF7D5A7C}.Release|Any CPU.Build.0 = Release|Any CPU
	EndGlobalSection
	GlobalSection(SolutionProperties) = preSolution
		HideSolutionNode = FALSE
	EndGlobalSection
	GlobalSection(ExtensibilityGlobals) = postSolution
		SolutionGuid = {03FC4FB7-82CB-4DD8-A26D-2CC6BAF8FA9F}
	EndGlobalSection
EndGlobal
